// !$*UTF8*$!
{
	archiveVersion = 1;
	classes = {
	};
	objectVersion = 51;
	objects = {

/* Begin PBXBuildFile section */
		170657C826B6DA23006BEB54 /* ExploreViewController.swift in Sources */ = {isa = PBXBuildFile; fileRef = 170657C726B6DA23006BEB54 /* ExploreViewController.swift */; };
		170657CA26B6DA38006BEB54 /* CameraViewController.swift in Sources */ = {isa = PBXBuildFile; fileRef = 170657C926B6DA38006BEB54 /* CameraViewController.swift */; };
		170657CC26B6DA61006BEB54 /* NotificationsViewController.swift in Sources */ = {isa = PBXBuildFile; fileRef = 170657CB26B6DA61006BEB54 /* NotificationsViewController.swift */; };
		170657CE26B6DA75006BEB54 /* ProfileViewController.swift in Sources */ = {isa = PBXBuildFile; fileRef = 170657CD26B6DA75006BEB54 /* ProfileViewController.swift */; };
		170657D226B6DAA9006BEB54 /* PostViewController.swift in Sources */ = {isa = PBXBuildFile; fileRef = 170657D126B6DAA9006BEB54 /* PostViewController.swift */; };
		170657D426B6DAD6006BEB54 /* EditProfileViewController.swift in Sources */ = {isa = PBXBuildFile; fileRef = 170657D326B6DAD6006BEB54 /* EditProfileViewController.swift */; };
		170657D626B6DAED006BEB54 /* SettingsViewController.swift in Sources */ = {isa = PBXBuildFile; fileRef = 170657D526B6DAED006BEB54 /* SettingsViewController.swift */; };
		170657D826B6DB01006BEB54 /* ListViewController.swift in Sources */ = {isa = PBXBuildFile; fileRef = 170657D726B6DB01006BEB54 /* ListViewController.swift */; };
		170657DB26B6DB1D006BEB54 /* SearchViewController.swift in Sources */ = {isa = PBXBuildFile; fileRef = 170657DA26B6DB1D006BEB54 /* SearchViewController.swift */; };
		170657DD26B6DB32006BEB54 /* SearchResultViewController.swift in Sources */ = {isa = PBXBuildFile; fileRef = 170657DC26B6DB32006BEB54 /* SearchResultViewController.swift */; };
		170657DF26B6DB48006BEB54 /* PostEditorViewController.swift in Sources */ = {isa = PBXBuildFile; fileRef = 170657DE26B6DB48006BEB54 /* PostEditorViewController.swift */; };
		170657E126B6DB5F006BEB54 /* PublishPostViewController.swift in Sources */ = {isa = PBXBuildFile; fileRef = 170657E026B6DB5F006BEB54 /* PublishPostViewController.swift */; };
		170657E326B6DB76006BEB54 /* Home.storyboard in Resources */ = {isa = PBXBuildFile; fileRef = 170657E226B6DB76006BEB54 /* Home.storyboard */; };
		170657E526B6DB83006BEB54 /* Explore.storyboard in Resources */ = {isa = PBXBuildFile; fileRef = 170657E426B6DB83006BEB54 /* Explore.storyboard */; };
		170657E726B6DB8C006BEB54 /* Camera.storyboard in Resources */ = {isa = PBXBuildFile; fileRef = 170657E626B6DB8C006BEB54 /* Camera.storyboard */; };
		170657E926B6DB98006BEB54 /* Notifications.storyboard in Resources */ = {isa = PBXBuildFile; fileRef = 170657E826B6DB98006BEB54 /* Notifications.storyboard */; };
		170EC72D26BBD569006D6210 /* AlertPresentable.swift in Sources */ = {isa = PBXBuildFile; fileRef = 170EC72C26BBD569006D6210 /* AlertPresentable.swift */; };
		170EC72F26BBD67E006D6210 /* AlertType.swift in Sources */ = {isa = PBXBuildFile; fileRef = 170EC72E26BBD67E006D6210 /* AlertType.swift */; };
		170EC73126BBDD6A006D6210 /* AlertViewController.swift in Sources */ = {isa = PBXBuildFile; fileRef = 170EC73026BBDD6A006D6210 /* AlertViewController.swift */; };
		170EC73326BBDDEA006D6210 /* AlertButton.swift in Sources */ = {isa = PBXBuildFile; fileRef = 170EC73226BBDDEA006D6210 /* AlertButton.swift */; };
		170EC73826BBFB15006D6210 /* CommonButton.swift in Sources */ = {isa = PBXBuildFile; fileRef = 170EC73726BBFB15006D6210 /* CommonButton.swift */; };
		170EC73A26BC0407006D6210 /* UIColorExtension.swift in Sources */ = {isa = PBXBuildFile; fileRef = 170EC73926BC0407006D6210 /* UIColorExtension.swift */; };
		1714CCB926B6D5620061C01D /* AppDelegate.swift in Sources */ = {isa = PBXBuildFile; fileRef = 1714CCB826B6D5620061C01D /* AppDelegate.swift */; };
		1714CCBB26B6D5620061C01D /* SceneDelegate.swift in Sources */ = {isa = PBXBuildFile; fileRef = 1714CCBA26B6D5620061C01D /* SceneDelegate.swift */; };
		1714CCC026B6D5620061C01D /* TabBar.storyboard in Resources */ = {isa = PBXBuildFile; fileRef = 1714CCBE26B6D5620061C01D /* TabBar.storyboard */; };
		1714CCC226B6D5630061C01D /* Assets.xcassets in Resources */ = {isa = PBXBuildFile; fileRef = 1714CCC126B6D5630061C01D /* Assets.xcassets */; };
		1714CCC526B6D5630061C01D /* LaunchScreen.storyboard in Resources */ = {isa = PBXBuildFile; fileRef = 1714CCC326B6D5630061C01D /* LaunchScreen.storyboard */; };
		1714CCCE26B6D6EE0061C01D /* HomeViewController.swift in Sources */ = {isa = PBXBuildFile; fileRef = 1714CCCD26B6D6EE0061C01D /* HomeViewController.swift */; };
		17371D5926B6ECF4008411C5 /* RegistrationViewController.swift in Sources */ = {isa = PBXBuildFile; fileRef = 17371D5826B6ECF4008411C5 /* RegistrationViewController.swift */; };
		17371D5B26B6ED16008411C5 /* LoginViewController.swift in Sources */ = {isa = PBXBuildFile; fileRef = 17371D5A26B6ED16008411C5 /* LoginViewController.swift */; };
		17371D5E26B6EEAB008411C5 /* Coordinator.swift in Sources */ = {isa = PBXBuildFile; fileRef = 17371D5D26B6EEAB008411C5 /* Coordinator.swift */; };
		17371D6126B6EF09008411C5 /* StoryboardType.swift in Sources */ = {isa = PBXBuildFile; fileRef = 17371D6026B6EF09008411C5 /* StoryboardType.swift */; };
		17371D6326B6F0FE008411C5 /* MainTabType.swift in Sources */ = {isa = PBXBuildFile; fileRef = 17371D6226B6F0FE008411C5 /* MainTabType.swift */; };
		17371D6526B6F18D008411C5 /* NavigationItem.swift in Sources */ = {isa = PBXBuildFile; fileRef = 17371D6426B6F18D008411C5 /* NavigationItem.swift */; };
		17371D6726B6F1F3008411C5 /* PageType.swift in Sources */ = {isa = PBXBuildFile; fileRef = 17371D6626B6F1F3008411C5 /* PageType.swift */; };
		17371D6926B6F2C2008411C5 /* NavigationStyle.swift in Sources */ = {isa = PBXBuildFile; fileRef = 17371D6826B6F2C2008411C5 /* NavigationStyle.swift */; };
		17371D6B26B6F63C008411C5 /* Login.storyboard in Resources */ = {isa = PBXBuildFile; fileRef = 17371D6A26B6F63C008411C5 /* Login.storyboard */; };
		17371D6D26B6F6EF008411C5 /* GenericViewController.swift in Sources */ = {isa = PBXBuildFile; fileRef = 17371D6C26B6F6EF008411C5 /* GenericViewController.swift */; };
		17371D6F26B6FA61008411C5 /* Constants.swift in Sources */ = {isa = PBXBuildFile; fileRef = 17371D6E26B6FA61008411C5 /* Constants.swift */; };
		17371D7226B70966008411C5 /* DatabaseManager.swift in Sources */ = {isa = PBXBuildFile; fileRef = 17371D7126B70966008411C5 /* DatabaseManager.swift */; };
		17371D7426B70B53008411C5 /* AuthManager.swift in Sources */ = {isa = PBXBuildFile; fileRef = 17371D7326B70B53008411C5 /* AuthManager.swift */; };
		17371D7626B70BB4008411C5 /* StorageManager.swift in Sources */ = {isa = PBXBuildFile; fileRef = 17371D7526B70BB4008411C5 /* StorageManager.swift */; };
		173972AB26C3CC0900D1BA5F /* StringExtension.swift in Sources */ = {isa = PBXBuildFile; fileRef = 173972AA26C3CC0900D1BA5F /* StringExtension.swift */; };
		173B099A26BA6E96002675A3 /* Registration.storyboard in Resources */ = {isa = PBXBuildFile; fileRef = 173B099926BA6E96002675A3 /* Registration.storyboard */; };
		173B27E126C7FC9800D829D3 /* Settings.storyboard in Resources */ = {isa = PBXBuildFile; fileRef = 173B27E026C7FC9800D829D3 /* Settings.storyboard */; };
		173B27E526C7FD1100D829D3 /* SettingsCellModel.swift in Sources */ = {isa = PBXBuildFile; fileRef = 173B27E426C7FD1100D829D3 /* SettingsCellModel.swift */; };
		1741C89226D14408002C0DEC /* ProfileTabsHeaderCollectionReusableView.swift in Sources */ = {isa = PBXBuildFile; fileRef = 1741C89026D14408002C0DEC /* ProfileTabsHeaderCollectionReusableView.swift */; };
		1741C89326D14408002C0DEC /* ProfileTabsHeaderCollectionReusableView.xib in Resources */ = {isa = PBXBuildFile; fileRef = 1741C89126D14408002C0DEC /* ProfileTabsHeaderCollectionReusableView.xib */; };
		1741C89526D14547002C0DEC /* Gender.swift in Sources */ = {isa = PBXBuildFile; fileRef = 1741C89426D14547002C0DEC /* Gender.swift */; };
		1741C89726D14593002C0DEC /* User.swift in Sources */ = {isa = PBXBuildFile; fileRef = 1741C89626D14593002C0DEC /* User.swift */; };
		1741C89926D14600002C0DEC /* UserCount.swift in Sources */ = {isa = PBXBuildFile; fileRef = 1741C89826D14600002C0DEC /* UserCount.swift */; };
		1741C89B26D14932002C0DEC /* Post.storyboard in Resources */ = {isa = PBXBuildFile; fileRef = 1741C89A26D14932002C0DEC /* Post.storyboard */; };
		1741C89D26D18580002C0DEC /* List.storyboard in Resources */ = {isa = PBXBuildFile; fileRef = 1741C89C26D18580002C0DEC /* List.storyboard */; };
		1747349A26CF1EF5007E2A5B /* EditProfileFormTableViewCell.swift in Sources */ = {isa = PBXBuildFile; fileRef = 1747349826CF1EF5007E2A5B /* EditProfileFormTableViewCell.swift */; };
		1747349B26CF1EF5007E2A5B /* EditProfileFormTableViewCell.xib in Resources */ = {isa = PBXBuildFile; fileRef = 1747349926CF1EF5007E2A5B /* EditProfileFormTableViewCell.xib */; };
		174AA58F26CCE8F20051DB5C /* InstagramFeedPostTableViewCell.swift in Sources */ = {isa = PBXBuildFile; fileRef = 174AA58D26CCE8F20051DB5C /* InstagramFeedPostTableViewCell.swift */; };
		174AA59026CCE8F20051DB5C /* InstagramFeedPostTableViewCell.xib in Resources */ = {isa = PBXBuildFile; fileRef = 174AA58E26CCE8F20051DB5C /* InstagramFeedPostTableViewCell.xib */; };
		174AA59326CCEF600051DB5C /* InstagramFeedPostHeaderTableViewCell.swift in Sources */ = {isa = PBXBuildFile; fileRef = 174AA59126CCEF600051DB5C /* InstagramFeedPostHeaderTableViewCell.swift */; };
		174AA59426CCEF600051DB5C /* InstagramFeedPostHeaderTableViewCell.xib in Resources */ = {isa = PBXBuildFile; fileRef = 174AA59226CCEF600051DB5C /* InstagramFeedPostHeaderTableViewCell.xib */; };
		174AA59726CCF0EA0051DB5C /* InstagramFeedPostActionsTableViewCell.swift in Sources */ = {isa = PBXBuildFile; fileRef = 174AA59526CCF0EA0051DB5C /* InstagramFeedPostActionsTableViewCell.swift */; };
		174AA59826CCF0EA0051DB5C /* InstagramFeedPostActionsTableViewCell.xib in Resources */ = {isa = PBXBuildFile; fileRef = 174AA59626CCF0EA0051DB5C /* InstagramFeedPostActionsTableViewCell.xib */; };
		174AA59B26CCF15F0051DB5C /* InstagramFeedPostGeneralTableViewCell.swift in Sources */ = {isa = PBXBuildFile; fileRef = 174AA59926CCF15F0051DB5C /* InstagramFeedPostGeneralTableViewCell.swift */; };
		174AA59C26CCF15F0051DB5C /* InstagramFeedPostGeneralTableViewCell.xib in Resources */ = {isa = PBXBuildFile; fileRef = 174AA59A26CCF15F0051DB5C /* InstagramFeedPostGeneralTableViewCell.xib */; };
		174AA59E26CCF2EC0051DB5C /* UserPost.swift in Sources */ = {isa = PBXBuildFile; fileRef = 174AA59D26CCF2EC0051DB5C /* UserPost.swift */; };
		174AA5A026CCF46E0051DB5C /* UserPostType.swift in Sources */ = {isa = PBXBuildFile; fileRef = 174AA59F26CCF46E0051DB5C /* UserPostType.swift */; };
		174AA5A226CCFDBE0051DB5C /* StorageManagerError.swift in Sources */ = {isa = PBXBuildFile; fileRef = 174AA5A126CCFDBE0051DB5C /* StorageManagerError.swift */; };
		174AA5A426CD0DD00051DB5C /* EditProfile.storyboard in Resources */ = {isa = PBXBuildFile; fileRef = 174AA5A326CD0DD00051DB5C /* EditProfile.storyboard */; };
		174AA5A726CD1D530051DB5C /* SettingsTableViewCell.swift in Sources */ = {isa = PBXBuildFile; fileRef = 174AA5A526CD1D530051DB5C /* SettingsTableViewCell.swift */; };
		174AA5A826CD1D530051DB5C /* SettingsTableViewCell.xib in Resources */ = {isa = PBXBuildFile; fileRef = 174AA5A626CD1D530051DB5C /* SettingsTableViewCell.xib */; };
		174BAE3126CF8B640016F68C /* ProfileInfoHeaderCollectionReusableView.swift in Sources */ = {isa = PBXBuildFile; fileRef = 174BAE2F26CF8B640016F68C /* ProfileInfoHeaderCollectionReusableView.swift */; };
		174BAE3226CF8B640016F68C /* ProfileInfoHeaderCollectionReusableView.xib in Resources */ = {isa = PBXBuildFile; fileRef = 174BAE3026CF8B640016F68C /* ProfileInfoHeaderCollectionReusableView.xib */; };
		174BAE3826CF8F060016F68C /* Profile.storyboard in Resources */ = {isa = PBXBuildFile; fileRef = 174BAE3726CF8F060016F68C /* Profile.storyboard */; };
		174BAE3B26CF8F500016F68C /* PhotoCollectionViewCell.swift in Sources */ = {isa = PBXBuildFile; fileRef = 174BAE3926CF8F500016F68C /* PhotoCollectionViewCell.swift */; };
		174BAE3C26CF8F500016F68C /* PhotoCollectionViewCell.xib in Resources */ = {isa = PBXBuildFile; fileRef = 174BAE3A26CF8F500016F68C /* PhotoCollectionViewCell.xib */; };
		174EE24A26B7C1FA00BC9712 /* UIViewExtension.swift in Sources */ = {isa = PBXBuildFile; fileRef = 174EE24926B7C1FA00BC9712 /* UIViewExtension.swift */; };
		1751F41C26CEC356002564BD /* EditProfileForm.swift in Sources */ = {isa = PBXBuildFile; fileRef = 1751F41B26CEC356002564BD /* EditProfileForm.swift */; };
		17531CFF26D02B0500B34038 /* PostComment.swift in Sources */ = {isa = PBXBuildFile; fileRef = 17531CFE26D02B0500B34038 /* PostComment.swift */; };
		17531D0126D02CC800B34038 /* PostLike.swift in Sources */ = {isa = PBXBuildFile; fileRef = 17531D0026D02CC800B34038 /* PostLike.swift */; };
		17531D0326D02E5900B34038 /* CommentLike.swift in Sources */ = {isa = PBXBuildFile; fileRef = 17531D0226D02E5900B34038 /* CommentLike.swift */; };
		17B1A84D26B715FC00F2CCEA /* GoogleService-Info.plist in Resources */ = {isa = PBXBuildFile; fileRef = 17B1A84C26B715FC00F2CCEA /* GoogleService-Info.plist */; };
		45E3367E7CDDF47FB7C42FD5 /* Pods_InstagramClone.framework in Frameworks */ = {isa = PBXBuildFile; fileRef = 3955F0215555F2DC1637D137 /* Pods_InstagramClone.framework */; };
/* End PBXBuildFile section */

/* Begin PBXFileReference section */
		170657C726B6DA23006BEB54 /* ExploreViewController.swift */ = {isa = PBXFileReference; lastKnownFileType = sourcecode.swift; path = ExploreViewController.swift; sourceTree = "<group>"; };
		170657C926B6DA38006BEB54 /* CameraViewController.swift */ = {isa = PBXFileReference; lastKnownFileType = sourcecode.swift; path = CameraViewController.swift; sourceTree = "<group>"; };
		170657CB26B6DA61006BEB54 /* NotificationsViewController.swift */ = {isa = PBXFileReference; lastKnownFileType = sourcecode.swift; path = NotificationsViewController.swift; sourceTree = "<group>"; };
		170657CD26B6DA75006BEB54 /* ProfileViewController.swift */ = {isa = PBXFileReference; lastKnownFileType = sourcecode.swift; path = ProfileViewController.swift; sourceTree = "<group>"; };
		170657D126B6DAA9006BEB54 /* PostViewController.swift */ = {isa = PBXFileReference; lastKnownFileType = sourcecode.swift; path = PostViewController.swift; sourceTree = "<group>"; };
		170657D326B6DAD6006BEB54 /* EditProfileViewController.swift */ = {isa = PBXFileReference; lastKnownFileType = sourcecode.swift; path = EditProfileViewController.swift; sourceTree = "<group>"; };
		170657D526B6DAED006BEB54 /* SettingsViewController.swift */ = {isa = PBXFileReference; lastKnownFileType = sourcecode.swift; path = SettingsViewController.swift; sourceTree = "<group>"; };
		170657D726B6DB01006BEB54 /* ListViewController.swift */ = {isa = PBXFileReference; lastKnownFileType = sourcecode.swift; path = ListViewController.swift; sourceTree = "<group>"; };
		170657DA26B6DB1D006BEB54 /* SearchViewController.swift */ = {isa = PBXFileReference; lastKnownFileType = sourcecode.swift; path = SearchViewController.swift; sourceTree = "<group>"; };
		170657DC26B6DB32006BEB54 /* SearchResultViewController.swift */ = {isa = PBXFileReference; lastKnownFileType = sourcecode.swift; path = SearchResultViewController.swift; sourceTree = "<group>"; };
		170657DE26B6DB48006BEB54 /* PostEditorViewController.swift */ = {isa = PBXFileReference; lastKnownFileType = sourcecode.swift; path = PostEditorViewController.swift; sourceTree = "<group>"; };
		170657E026B6DB5F006BEB54 /* PublishPostViewController.swift */ = {isa = PBXFileReference; lastKnownFileType = sourcecode.swift; path = PublishPostViewController.swift; sourceTree = "<group>"; };
		170657E226B6DB76006BEB54 /* Home.storyboard */ = {isa = PBXFileReference; lastKnownFileType = file.storyboard; path = Home.storyboard; sourceTree = "<group>"; };
		170657E426B6DB83006BEB54 /* Explore.storyboard */ = {isa = PBXFileReference; lastKnownFileType = file.storyboard; path = Explore.storyboard; sourceTree = "<group>"; };
		170657E626B6DB8C006BEB54 /* Camera.storyboard */ = {isa = PBXFileReference; lastKnownFileType = file.storyboard; path = Camera.storyboard; sourceTree = "<group>"; };
		170657E826B6DB98006BEB54 /* Notifications.storyboard */ = {isa = PBXFileReference; lastKnownFileType = file.storyboard; path = Notifications.storyboard; sourceTree = "<group>"; };
		170EC72C26BBD569006D6210 /* AlertPresentable.swift */ = {isa = PBXFileReference; lastKnownFileType = sourcecode.swift; path = AlertPresentable.swift; sourceTree = "<group>"; };
		170EC72E26BBD67E006D6210 /* AlertType.swift */ = {isa = PBXFileReference; lastKnownFileType = sourcecode.swift; path = AlertType.swift; sourceTree = "<group>"; };
		170EC73026BBDD6A006D6210 /* AlertViewController.swift */ = {isa = PBXFileReference; lastKnownFileType = sourcecode.swift; path = AlertViewController.swift; sourceTree = "<group>"; };
		170EC73226BBDDEA006D6210 /* AlertButton.swift */ = {isa = PBXFileReference; lastKnownFileType = sourcecode.swift; path = AlertButton.swift; sourceTree = "<group>"; };
		170EC73726BBFB15006D6210 /* CommonButton.swift */ = {isa = PBXFileReference; lastKnownFileType = sourcecode.swift; path = CommonButton.swift; sourceTree = "<group>"; };
		170EC73926BC0407006D6210 /* UIColorExtension.swift */ = {isa = PBXFileReference; lastKnownFileType = sourcecode.swift; path = UIColorExtension.swift; sourceTree = "<group>"; };
		1714CCB526B6D5620061C01D /* InstagramClone.app */ = {isa = PBXFileReference; explicitFileType = wrapper.application; includeInIndex = 0; path = InstagramClone.app; sourceTree = BUILT_PRODUCTS_DIR; };
		1714CCB826B6D5620061C01D /* AppDelegate.swift */ = {isa = PBXFileReference; lastKnownFileType = sourcecode.swift; path = AppDelegate.swift; sourceTree = "<group>"; };
		1714CCBA26B6D5620061C01D /* SceneDelegate.swift */ = {isa = PBXFileReference; lastKnownFileType = sourcecode.swift; path = SceneDelegate.swift; sourceTree = "<group>"; };
		1714CCBF26B6D5620061C01D /* Base */ = {isa = PBXFileReference; lastKnownFileType = file.storyboard; name = Base; path = Base.lproj/TabBar.storyboard; sourceTree = "<group>"; };
		1714CCC126B6D5630061C01D /* Assets.xcassets */ = {isa = PBXFileReference; lastKnownFileType = folder.assetcatalog; path = Assets.xcassets; sourceTree = "<group>"; };
		1714CCC426B6D5630061C01D /* Base */ = {isa = PBXFileReference; lastKnownFileType = file.storyboard; name = Base; path = Base.lproj/LaunchScreen.storyboard; sourceTree = "<group>"; };
		1714CCC626B6D5630061C01D /* Info.plist */ = {isa = PBXFileReference; lastKnownFileType = text.plist.xml; path = Info.plist; sourceTree = "<group>"; };
		1714CCCD26B6D6EE0061C01D /* HomeViewController.swift */ = {isa = PBXFileReference; lastKnownFileType = sourcecode.swift; path = HomeViewController.swift; sourceTree = "<group>"; };
		17371D5826B6ECF4008411C5 /* RegistrationViewController.swift */ = {isa = PBXFileReference; lastKnownFileType = sourcecode.swift; path = RegistrationViewController.swift; sourceTree = "<group>"; };
		17371D5A26B6ED16008411C5 /* LoginViewController.swift */ = {isa = PBXFileReference; lastKnownFileType = sourcecode.swift; path = LoginViewController.swift; sourceTree = "<group>"; };
		17371D5D26B6EEAB008411C5 /* Coordinator.swift */ = {isa = PBXFileReference; lastKnownFileType = sourcecode.swift; path = Coordinator.swift; sourceTree = "<group>"; };
		17371D6026B6EF09008411C5 /* StoryboardType.swift */ = {isa = PBXFileReference; lastKnownFileType = sourcecode.swift; path = StoryboardType.swift; sourceTree = "<group>"; };
		17371D6226B6F0FE008411C5 /* MainTabType.swift */ = {isa = PBXFileReference; lastKnownFileType = sourcecode.swift; path = MainTabType.swift; sourceTree = "<group>"; };
		17371D6426B6F18D008411C5 /* NavigationItem.swift */ = {isa = PBXFileReference; lastKnownFileType = sourcecode.swift; path = NavigationItem.swift; sourceTree = "<group>"; };
		17371D6626B6F1F3008411C5 /* PageType.swift */ = {isa = PBXFileReference; lastKnownFileType = sourcecode.swift; path = PageType.swift; sourceTree = "<group>"; };
		17371D6826B6F2C2008411C5 /* NavigationStyle.swift */ = {isa = PBXFileReference; lastKnownFileType = sourcecode.swift; path = NavigationStyle.swift; sourceTree = "<group>"; };
		17371D6A26B6F63C008411C5 /* Login.storyboard */ = {isa = PBXFileReference; lastKnownFileType = file.storyboard; path = Login.storyboard; sourceTree = "<group>"; };
		17371D6C26B6F6EF008411C5 /* GenericViewController.swift */ = {isa = PBXFileReference; lastKnownFileType = sourcecode.swift; path = GenericViewController.swift; sourceTree = "<group>"; };
		17371D6E26B6FA61008411C5 /* Constants.swift */ = {isa = PBXFileReference; lastKnownFileType = sourcecode.swift; path = Constants.swift; sourceTree = "<group>"; };
		17371D7126B70966008411C5 /* DatabaseManager.swift */ = {isa = PBXFileReference; lastKnownFileType = sourcecode.swift; path = DatabaseManager.swift; sourceTree = "<group>"; };
		17371D7326B70B53008411C5 /* AuthManager.swift */ = {isa = PBXFileReference; lastKnownFileType = sourcecode.swift; path = AuthManager.swift; sourceTree = "<group>"; };
		17371D7526B70BB4008411C5 /* StorageManager.swift */ = {isa = PBXFileReference; lastKnownFileType = sourcecode.swift; path = StorageManager.swift; sourceTree = "<group>"; };
		173972AA26C3CC0900D1BA5F /* StringExtension.swift */ = {isa = PBXFileReference; lastKnownFileType = sourcecode.swift; path = StringExtension.swift; sourceTree = "<group>"; };
		173B099926BA6E96002675A3 /* Registration.storyboard */ = {isa = PBXFileReference; lastKnownFileType = file.storyboard; path = Registration.storyboard; sourceTree = "<group>"; };
		173B27E026C7FC9800D829D3 /* Settings.storyboard */ = {isa = PBXFileReference; lastKnownFileType = file.storyboard; path = Settings.storyboard; sourceTree = "<group>"; };
		173B27E426C7FD1100D829D3 /* SettingsCellModel.swift */ = {isa = PBXFileReference; lastKnownFileType = sourcecode.swift; path = SettingsCellModel.swift; sourceTree = "<group>"; };
		1741C89026D14408002C0DEC /* ProfileTabsHeaderCollectionReusableView.swift */ = {isa = PBXFileReference; lastKnownFileType = sourcecode.swift; path = ProfileTabsHeaderCollectionReusableView.swift; sourceTree = "<group>"; };
		1741C89126D14408002C0DEC /* ProfileTabsHeaderCollectionReusableView.xib */ = {isa = PBXFileReference; lastKnownFileType = file.xib; path = ProfileTabsHeaderCollectionReusableView.xib; sourceTree = "<group>"; };
		1741C89426D14547002C0DEC /* Gender.swift */ = {isa = PBXFileReference; lastKnownFileType = sourcecode.swift; path = Gender.swift; sourceTree = "<group>"; };
		1741C89626D14593002C0DEC /* User.swift */ = {isa = PBXFileReference; lastKnownFileType = sourcecode.swift; path = User.swift; sourceTree = "<group>"; };
		1741C89826D14600002C0DEC /* UserCount.swift */ = {isa = PBXFileReference; lastKnownFileType = sourcecode.swift; path = UserCount.swift; sourceTree = "<group>"; };
		1741C89A26D14932002C0DEC /* Post.storyboard */ = {isa = PBXFileReference; lastKnownFileType = file.storyboard; path = Post.storyboard; sourceTree = "<group>"; };
		1741C89C26D18580002C0DEC /* List.storyboard */ = {isa = PBXFileReference; lastKnownFileType = file.storyboard; path = List.storyboard; sourceTree = "<group>"; };
		1747349826CF1EF5007E2A5B /* EditProfileFormTableViewCell.swift */ = {isa = PBXFileReference; lastKnownFileType = sourcecode.swift; path = EditProfileFormTableViewCell.swift; sourceTree = "<group>"; };
		1747349926CF1EF5007E2A5B /* EditProfileFormTableViewCell.xib */ = {isa = PBXFileReference; lastKnownFileType = file.xib; path = EditProfileFormTableViewCell.xib; sourceTree = "<group>"; };
		174AA58D26CCE8F20051DB5C /* InstagramFeedPostTableViewCell.swift */ = {isa = PBXFileReference; lastKnownFileType = sourcecode.swift; path = InstagramFeedPostTableViewCell.swift; sourceTree = "<group>"; };
		174AA58E26CCE8F20051DB5C /* InstagramFeedPostTableViewCell.xib */ = {isa = PBXFileReference; lastKnownFileType = file.xib; path = InstagramFeedPostTableViewCell.xib; sourceTree = "<group>"; };
		174AA59126CCEF600051DB5C /* InstagramFeedPostHeaderTableViewCell.swift */ = {isa = PBXFileReference; lastKnownFileType = sourcecode.swift; path = InstagramFeedPostHeaderTableViewCell.swift; sourceTree = "<group>"; };
		174AA59226CCEF600051DB5C /* InstagramFeedPostHeaderTableViewCell.xib */ = {isa = PBXFileReference; lastKnownFileType = file.xib; path = InstagramFeedPostHeaderTableViewCell.xib; sourceTree = "<group>"; };
		174AA59526CCF0EA0051DB5C /* InstagramFeedPostActionsTableViewCell.swift */ = {isa = PBXFileReference; lastKnownFileType = sourcecode.swift; path = InstagramFeedPostActionsTableViewCell.swift; sourceTree = "<group>"; };
		174AA59626CCF0EA0051DB5C /* InstagramFeedPostActionsTableViewCell.xib */ = {isa = PBXFileReference; lastKnownFileType = file.xib; path = InstagramFeedPostActionsTableViewCell.xib; sourceTree = "<group>"; };
		174AA59926CCF15F0051DB5C /* InstagramFeedPostGeneralTableViewCell.swift */ = {isa = PBXFileReference; lastKnownFileType = sourcecode.swift; path = InstagramFeedPostGeneralTableViewCell.swift; sourceTree = "<group>"; };
		174AA59A26CCF15F0051DB5C /* InstagramFeedPostGeneralTableViewCell.xib */ = {isa = PBXFileReference; lastKnownFileType = file.xib; path = InstagramFeedPostGeneralTableViewCell.xib; sourceTree = "<group>"; };
		174AA59D26CCF2EC0051DB5C /* UserPost.swift */ = {isa = PBXFileReference; lastKnownFileType = sourcecode.swift; path = UserPost.swift; sourceTree = "<group>"; };
		174AA59F26CCF46E0051DB5C /* UserPostType.swift */ = {isa = PBXFileReference; lastKnownFileType = sourcecode.swift; path = UserPostType.swift; sourceTree = "<group>"; };
		174AA5A126CCFDBE0051DB5C /* StorageManagerError.swift */ = {isa = PBXFileReference; lastKnownFileType = sourcecode.swift; path = StorageManagerError.swift; sourceTree = "<group>"; };
		174AA5A326CD0DD00051DB5C /* EditProfile.storyboard */ = {isa = PBXFileReference; lastKnownFileType = file.storyboard; path = EditProfile.storyboard; sourceTree = "<group>"; };
		174AA5A526CD1D530051DB5C /* SettingsTableViewCell.swift */ = {isa = PBXFileReference; lastKnownFileType = sourcecode.swift; path = SettingsTableViewCell.swift; sourceTree = "<group>"; };
		174AA5A626CD1D530051DB5C /* SettingsTableViewCell.xib */ = {isa = PBXFileReference; lastKnownFileType = file.xib; path = SettingsTableViewCell.xib; sourceTree = "<group>"; };
		174BAE2F26CF8B640016F68C /* ProfileInfoHeaderCollectionReusableView.swift */ = {isa = PBXFileReference; lastKnownFileType = sourcecode.swift; path = ProfileInfoHeaderCollectionReusableView.swift; sourceTree = "<group>"; };
		174BAE3026CF8B640016F68C /* ProfileInfoHeaderCollectionReusableView.xib */ = {isa = PBXFileReference; lastKnownFileType = file.xib; path = ProfileInfoHeaderCollectionReusableView.xib; sourceTree = "<group>"; };
		174BAE3726CF8F060016F68C /* Profile.storyboard */ = {isa = PBXFileReference; fileEncoding = 4; lastKnownFileType = file.storyboard; path = Profile.storyboard; sourceTree = "<group>"; };
		174BAE3926CF8F500016F68C /* PhotoCollectionViewCell.swift */ = {isa = PBXFileReference; lastKnownFileType = sourcecode.swift; path = PhotoCollectionViewCell.swift; sourceTree = "<group>"; };
		174BAE3A26CF8F500016F68C /* PhotoCollectionViewCell.xib */ = {isa = PBXFileReference; lastKnownFileType = file.xib; path = PhotoCollectionViewCell.xib; sourceTree = "<group>"; };
		174EE24926B7C1FA00BC9712 /* UIViewExtension.swift */ = {isa = PBXFileReference; lastKnownFileType = sourcecode.swift; path = UIViewExtension.swift; sourceTree = "<group>"; };
		1751F41B26CEC356002564BD /* EditProfileForm.swift */ = {isa = PBXFileReference; lastKnownFileType = sourcecode.swift; path = EditProfileForm.swift; sourceTree = "<group>"; };
		17531CFE26D02B0500B34038 /* PostComment.swift */ = {isa = PBXFileReference; lastKnownFileType = sourcecode.swift; path = PostComment.swift; sourceTree = "<group>"; };
		17531D0026D02CC800B34038 /* PostLike.swift */ = {isa = PBXFileReference; lastKnownFileType = sourcecode.swift; path = PostLike.swift; sourceTree = "<group>"; };
		17531D0226D02E5900B34038 /* CommentLike.swift */ = {isa = PBXFileReference; lastKnownFileType = sourcecode.swift; path = CommentLike.swift; sourceTree = "<group>"; };
		17B1A84C26B715FC00F2CCEA /* GoogleService-Info.plist */ = {isa = PBXFileReference; fileEncoding = 4; lastKnownFileType = text.plist.xml; path = "GoogleService-Info.plist"; sourceTree = "<group>"; };
		1FF50470C1753E61639BDBDA /* Pods-InstagramClone.debug.xcconfig */ = {isa = PBXFileReference; includeInIndex = 1; lastKnownFileType = text.xcconfig; name = "Pods-InstagramClone.debug.xcconfig"; path = "Target Support Files/Pods-InstagramClone/Pods-InstagramClone.debug.xcconfig"; sourceTree = "<group>"; };
		3955F0215555F2DC1637D137 /* Pods_InstagramClone.framework */ = {isa = PBXFileReference; explicitFileType = wrapper.framework; includeInIndex = 0; path = Pods_InstagramClone.framework; sourceTree = BUILT_PRODUCTS_DIR; };
		D0E9CB12EC32628FB6AC86EF /* Pods-InstagramClone.release.xcconfig */ = {isa = PBXFileReference; includeInIndex = 1; lastKnownFileType = text.xcconfig; name = "Pods-InstagramClone.release.xcconfig"; path = "Target Support Files/Pods-InstagramClone/Pods-InstagramClone.release.xcconfig"; sourceTree = "<group>"; };
/* End PBXFileReference section */

/* Begin PBXFrameworksBuildPhase section */
		1714CCB226B6D5620061C01D /* Frameworks */ = {
			isa = PBXFrameworksBuildPhase;
			buildActionMask = 2147483647;
			files = (
				45E3367E7CDDF47FB7C42FD5 /* Pods_InstagramClone.framework in Frameworks */,
			);
			runOnlyForDeploymentPostprocessing = 0;
		};
/* End PBXFrameworksBuildPhase section */

/* Begin PBXGroup section */
		170657C226B6D7E0006BEB54 /* Controllers */ = {
			isa = PBXGroup;
			children = (
				17371D6C26B6F6EF008411C5 /* GenericViewController.swift */,
				170EC73026BBDD6A006D6210 /* AlertViewController.swift */,
			);
			path = Controllers;
			sourceTree = "<group>";
		};
		170657C526B6D80A006BEB54 /* Models */ = {
			isa = PBXGroup;
			children = (
				17371D6426B6F18D008411C5 /* NavigationItem.swift */,
				170EC73226BBDDEA006D6210 /* AlertButton.swift */,
				174AA59D26CCF2EC0051DB5C /* UserPost.swift */,
				17531CFE26D02B0500B34038 /* PostComment.swift */,
				17531D0026D02CC800B34038 /* PostLike.swift */,
				17531D0226D02E5900B34038 /* CommentLike.swift */,
				1741C89626D14593002C0DEC /* User.swift */,
				1741C89826D14600002C0DEC /* UserCount.swift */,
			);
			path = Models;
			sourceTree = "<group>";
		};
		170EC73626BBF9BC006D6210 /* SharedViews */ = {
			isa = PBXGroup;
			children = (
				170EC73726BBFB15006D6210 /* CommonButton.swift */,
			);
			path = SharedViews;
			sourceTree = "<group>";
		};
		1714CCAC26B6D5620061C01D = {
			isa = PBXGroup;
			children = (
				1714CCB726B6D5620061C01D /* InstagramClone */,
				17B1A84C26B715FC00F2CCEA /* GoogleService-Info.plist */,
				1714CCB626B6D5620061C01D /* Products */,
				E62E1227D75205EAAEC8B863 /* Pods */,
				F90B7AE9C13412933F7E5569 /* Frameworks */,
			);
			sourceTree = "<group>";
		};
		1714CCB626B6D5620061C01D /* Products */ = {
			isa = PBXGroup;
			children = (
				1714CCB526B6D5620061C01D /* InstagramClone.app */,
			);
			name = Products;
			sourceTree = "<group>";
		};
		1714CCB726B6D5620061C01D /* InstagramClone */ = {
			isa = PBXGroup;
			children = (
				170EC73626BBF9BC006D6210 /* SharedViews */,
				170657C526B6D80A006BEB54 /* Models */,
				170657C226B6D7E0006BEB54 /* Controllers */,
				1714CCCC26B6D6BA0061C01D /* Resources */,
				17371D5C26B6EE7E008411C5 /* Managers */,
				17371D5F26B6EEF0008411C5 /* Enums */,
				174EE24826B7C0FF00BC9712 /* Extensions */,
				173B27CD26C7D65800D829D3 /* Pages */,
			);
			path = InstagramClone;
			sourceTree = "<group>";
		};
		1714CCCC26B6D6BA0061C01D /* Resources */ = {
			isa = PBXGroup;
			children = (
				1714CCB826B6D5620061C01D /* AppDelegate.swift */,
				1714CCBA26B6D5620061C01D /* SceneDelegate.swift */,
				17371D6E26B6FA61008411C5 /* Constants.swift */,
				1714CCC626B6D5630061C01D /* Info.plist */,
				1714CCC126B6D5630061C01D /* Assets.xcassets */,
			);
			path = Resources;
			sourceTree = "<group>";
		};
		17371D5C26B6EE7E008411C5 /* Managers */ = {
			isa = PBXGroup;
			children = (
				17371D5D26B6EEAB008411C5 /* Coordinator.swift */,
				17371D7126B70966008411C5 /* DatabaseManager.swift */,
				17371D7326B70B53008411C5 /* AuthManager.swift */,
				17371D7526B70BB4008411C5 /* StorageManager.swift */,
				170EC72C26BBD569006D6210 /* AlertPresentable.swift */,
			);
			path = Managers;
			sourceTree = "<group>";
		};
		17371D5F26B6EEF0008411C5 /* Enums */ = {
			isa = PBXGroup;
			children = (
				17371D6026B6EF09008411C5 /* StoryboardType.swift */,
				17371D6226B6F0FE008411C5 /* MainTabType.swift */,
				17371D6626B6F1F3008411C5 /* PageType.swift */,
				17371D6826B6F2C2008411C5 /* NavigationStyle.swift */,
				170EC72E26BBD67E006D6210 /* AlertType.swift */,
				174AA59F26CCF46E0051DB5C /* UserPostType.swift */,
				174AA5A126CCFDBE0051DB5C /* StorageManagerError.swift */,
				1741C89426D14547002C0DEC /* Gender.swift */,
			);
			path = Enums;
			sourceTree = "<group>";
		};
		173B27CD26C7D65800D829D3 /* Pages */ = {
			isa = PBXGroup;
			children = (
				173B27DE26C7D94E00D829D3 /* PublishPost */,
				173B27DC26C7D92400D829D3 /* PostEditor */,
				173B27DD26C7D93C00D829D3 /* SearchResult */,
				173B27DB26C7D91400D829D3 /* Search */,
				173B27DA26C7D90A00D829D3 /* List */,
				173B27D926C7D8C200D829D3 /* Settings */,
				173B27D826C7D8B800D829D3 /* EditProfile */,
				173B27D726C7D8AB00D829D3 /* Post */,
				173B27D626C7D89100D829D3 /* Profile */,
				173B27D526C7D88000D829D3 /* Notifications */,
				173B27D426C7D78A00D829D3 /* Camera */,
				173B27D326C7D77400D829D3 /* Explore */,
				173B27D226C7D76400D829D3 /* Home */,
				173B27D126C7D71500D829D3 /* Launch */,
				173B27D026C7D6E500D829D3 /* TabBar */,
				173B27CF26C7D67E00D829D3 /* Login */,
				173B27CE26C7D66500D829D3 /* Registration */,
			);
			path = Pages;
			sourceTree = "<group>";
		};
		173B27CE26C7D66500D829D3 /* Registration */ = {
			isa = PBXGroup;
			children = (
				173B099926BA6E96002675A3 /* Registration.storyboard */,
				17371D5826B6ECF4008411C5 /* RegistrationViewController.swift */,
			);
			path = Registration;
			sourceTree = "<group>";
		};
		173B27CF26C7D67E00D829D3 /* Login */ = {
			isa = PBXGroup;
			children = (
				17371D6A26B6F63C008411C5 /* Login.storyboard */,
				17371D5A26B6ED16008411C5 /* LoginViewController.swift */,
			);
			path = Login;
			sourceTree = "<group>";
		};
		173B27D026C7D6E500D829D3 /* TabBar */ = {
			isa = PBXGroup;
			children = (
				1714CCBE26B6D5620061C01D /* TabBar.storyboard */,
			);
			path = TabBar;
			sourceTree = "<group>";
		};
		173B27D126C7D71500D829D3 /* Launch */ = {
			isa = PBXGroup;
			children = (
				1714CCC326B6D5630061C01D /* LaunchScreen.storyboard */,
			);
			path = Launch;
			sourceTree = "<group>";
		};
		173B27D226C7D76400D829D3 /* Home */ = {
			isa = PBXGroup;
			children = (
				170657E226B6DB76006BEB54 /* Home.storyboard */,
				1714CCCD26B6D6EE0061C01D /* HomeViewController.swift */,
				174AA58E26CCE8F20051DB5C /* InstagramFeedPostTableViewCell.xib */,
				174AA58D26CCE8F20051DB5C /* InstagramFeedPostTableViewCell.swift */,
				174AA59226CCEF600051DB5C /* InstagramFeedPostHeaderTableViewCell.xib */,
				174AA59126CCEF600051DB5C /* InstagramFeedPostHeaderTableViewCell.swift */,
				174AA59626CCF0EA0051DB5C /* InstagramFeedPostActionsTableViewCell.xib */,
				174AA59526CCF0EA0051DB5C /* InstagramFeedPostActionsTableViewCell.swift */,
				174AA59A26CCF15F0051DB5C /* InstagramFeedPostGeneralTableViewCell.xib */,
				174AA59926CCF15F0051DB5C /* InstagramFeedPostGeneralTableViewCell.swift */,
			);
			path = Home;
			sourceTree = "<group>";
		};
		173B27D326C7D77400D829D3 /* Explore */ = {
			isa = PBXGroup;
			children = (
				170657E426B6DB83006BEB54 /* Explore.storyboard */,
				170657C726B6DA23006BEB54 /* ExploreViewController.swift */,
			);
			path = Explore;
			sourceTree = "<group>";
		};
		173B27D426C7D78A00D829D3 /* Camera */ = {
			isa = PBXGroup;
			children = (
				170657E626B6DB8C006BEB54 /* Camera.storyboard */,
				170657C926B6DA38006BEB54 /* CameraViewController.swift */,
			);
			path = Camera;
			sourceTree = "<group>";
		};
		173B27D526C7D88000D829D3 /* Notifications */ = {
			isa = PBXGroup;
			children = (
				170657E826B6DB98006BEB54 /* Notifications.storyboard */,
				170657CB26B6DA61006BEB54 /* NotificationsViewController.swift */,
			);
			path = Notifications;
			sourceTree = "<group>";
		};
		173B27D626C7D89100D829D3 /* Profile */ = {
			isa = PBXGroup;
			children = (
				174BAE3726CF8F060016F68C /* Profile.storyboard */,
				170657CD26B6DA75006BEB54 /* ProfileViewController.swift */,
				174BAE3026CF8B640016F68C /* ProfileInfoHeaderCollectionReusableView.xib */,
				174BAE2F26CF8B640016F68C /* ProfileInfoHeaderCollectionReusableView.swift */,
				1741C89126D14408002C0DEC /* ProfileTabsHeaderCollectionReusableView.xib */,
				1741C89026D14408002C0DEC /* ProfileTabsHeaderCollectionReusableView.swift */,
				174BAE3A26CF8F500016F68C /* PhotoCollectionViewCell.xib */,
				174BAE3926CF8F500016F68C /* PhotoCollectionViewCell.swift */,
			);
			path = Profile;
			sourceTree = "<group>";
		};
		173B27D726C7D8AB00D829D3 /* Post */ = {
			isa = PBXGroup;
			children = (
				1741C89A26D14932002C0DEC /* Post.storyboard */,
				170657D126B6DAA9006BEB54 /* PostViewController.swift */,
			);
			path = Post;
			sourceTree = "<group>";
		};
		173B27D826C7D8B800D829D3 /* EditProfile */ = {
			isa = PBXGroup;
			children = (
				174AA5A326CD0DD00051DB5C /* EditProfile.storyboard */,
				170657D326B6DAD6006BEB54 /* EditProfileViewController.swift */,
				1751F41B26CEC356002564BD /* EditProfileForm.swift */,
				1747349926CF1EF5007E2A5B /* EditProfileFormTableViewCell.xib */,
				1747349826CF1EF5007E2A5B /* EditProfileFormTableViewCell.swift */,
			);
			path = EditProfile;
			sourceTree = "<group>";
		};
		173B27D926C7D8C200D829D3 /* Settings */ = {
			isa = PBXGroup;
			children = (
				173B27E026C7FC9800D829D3 /* Settings.storyboard */,
				170657D526B6DAED006BEB54 /* SettingsViewController.swift */,
				173B27E426C7FD1100D829D3 /* SettingsCellModel.swift */,
				174AA5A626CD1D530051DB5C /* SettingsTableViewCell.xib */,
				174AA5A526CD1D530051DB5C /* SettingsTableViewCell.swift */,
			);
			path = Settings;
			sourceTree = "<group>";
		};
		173B27DA26C7D90A00D829D3 /* List */ = {
			isa = PBXGroup;
			children = (
				1741C89C26D18580002C0DEC /* List.storyboard */,
				170657D726B6DB01006BEB54 /* ListViewController.swift */,
			);
			path = List;
			sourceTree = "<group>";
		};
		173B27DB26C7D91400D829D3 /* Search */ = {
			isa = PBXGroup;
			children = (
				170657DA26B6DB1D006BEB54 /* SearchViewController.swift */,
			);
			path = Search;
			sourceTree = "<group>";
		};
		173B27DC26C7D92400D829D3 /* PostEditor */ = {
			isa = PBXGroup;
			children = (
				170657DE26B6DB48006BEB54 /* PostEditorViewController.swift */,
			);
			path = PostEditor;
			sourceTree = "<group>";
		};
		173B27DD26C7D93C00D829D3 /* SearchResult */ = {
			isa = PBXGroup;
			children = (
				170657DC26B6DB32006BEB54 /* SearchResultViewController.swift */,
			);
			path = SearchResult;
			sourceTree = "<group>";
		};
		173B27DE26C7D94E00D829D3 /* PublishPost */ = {
			isa = PBXGroup;
			children = (
				170657E026B6DB5F006BEB54 /* PublishPostViewController.swift */,
			);
			path = PublishPost;
			sourceTree = "<group>";
		};
		174EE24826B7C0FF00BC9712 /* Extensions */ = {
			isa = PBXGroup;
			children = (
				174EE24926B7C1FA00BC9712 /* UIViewExtension.swift */,
				170EC73926BC0407006D6210 /* UIColorExtension.swift */,
				173972AA26C3CC0900D1BA5F /* StringExtension.swift */,
			);
			path = Extensions;
			sourceTree = "<group>";
		};
		E62E1227D75205EAAEC8B863 /* Pods */ = {
			isa = PBXGroup;
			children = (
				1FF50470C1753E61639BDBDA /* Pods-InstagramClone.debug.xcconfig */,
				D0E9CB12EC32628FB6AC86EF /* Pods-InstagramClone.release.xcconfig */,
			);
			path = Pods;
			sourceTree = "<group>";
		};
		F90B7AE9C13412933F7E5569 /* Frameworks */ = {
			isa = PBXGroup;
			children = (
				3955F0215555F2DC1637D137 /* Pods_InstagramClone.framework */,
			);
			name = Frameworks;
			sourceTree = "<group>";
		};
/* End PBXGroup section */

/* Begin PBXNativeTarget section */
		1714CCB426B6D5620061C01D /* InstagramClone */ = {
			isa = PBXNativeTarget;
			buildConfigurationList = 1714CCC926B6D5630061C01D /* Build configuration list for PBXNativeTarget "InstagramClone" */;
			buildPhases = (
				9932A8F98CBA0F4955B83F97 /* [CP] Check Pods Manifest.lock */,
				1714CCB126B6D5620061C01D /* Sources */,
				1714CCB226B6D5620061C01D /* Frameworks */,
				1714CCB326B6D5620061C01D /* Resources */,
				5B80D253B9F108AA3BA11D9D /* [CP] Embed Pods Frameworks */,
			);
			buildRules = (
			);
			dependencies = (
			);
			name = InstagramClone;
			productName = InstagramClone;
			productReference = 1714CCB526B6D5620061C01D /* InstagramClone.app */;
			productType = "com.apple.product-type.application";
		};
/* End PBXNativeTarget section */

/* Begin PBXProject section */
		1714CCAD26B6D5620061C01D /* Project object */ = {
			isa = PBXProject;
			attributes = {
				LastSwiftUpdateCheck = 1250;
				LastUpgradeCheck = 1250;
				ORGANIZATIONNAME = NAPPS;
				TargetAttributes = {
					1714CCB426B6D5620061C01D = {
						CreatedOnToolsVersion = 12.5.1;
					};
				};
			};
			buildConfigurationList = 1714CCB026B6D5620061C01D /* Build configuration list for PBXProject "InstagramClone" */;
			compatibilityVersion = "Xcode 9.3";
			developmentRegion = en;
			hasScannedForEncodings = 0;
			knownRegions = (
				en,
				Base,
			);
			mainGroup = 1714CCAC26B6D5620061C01D;
			productRefGroup = 1714CCB626B6D5620061C01D /* Products */;
			projectDirPath = "";
			projectRoot = "";
			targets = (
				1714CCB426B6D5620061C01D /* InstagramClone */,
			);
		};
/* End PBXProject section */

/* Begin PBXResourcesBuildPhase section */
		1714CCB326B6D5620061C01D /* Resources */ = {
			isa = PBXResourcesBuildPhase;
			buildActionMask = 2147483647;
			files = (
				174AA5A426CD0DD00051DB5C /* EditProfile.storyboard in Resources */,
				1714CCC526B6D5630061C01D /* LaunchScreen.storyboard in Resources */,
				170657E726B6DB8C006BEB54 /* Camera.storyboard in Resources */,
				173B099A26BA6E96002675A3 /* Registration.storyboard in Resources */,
				174BAE3226CF8B640016F68C /* ProfileInfoHeaderCollectionReusableView.xib in Resources */,
				173B27E126C7FC9800D829D3 /* Settings.storyboard in Resources */,
				1747349B26CF1EF5007E2A5B /* EditProfileFormTableViewCell.xib in Resources */,
				174AA59026CCE8F20051DB5C /* InstagramFeedPostTableViewCell.xib in Resources */,
				174BAE3C26CF8F500016F68C /* PhotoCollectionViewCell.xib in Resources */,
				1714CCC226B6D5630061C01D /* Assets.xcassets in Resources */,
				1741C89D26D18580002C0DEC /* List.storyboard in Resources */,
				170657E526B6DB83006BEB54 /* Explore.storyboard in Resources */,
				170657E926B6DB98006BEB54 /* Notifications.storyboard in Resources */,
				174BAE3826CF8F060016F68C /* Profile.storyboard in Resources */,
				1714CCC026B6D5620061C01D /* TabBar.storyboard in Resources */,
				17B1A84D26B715FC00F2CCEA /* GoogleService-Info.plist in Resources */,
				174AA5A826CD1D530051DB5C /* SettingsTableViewCell.xib in Resources */,
				1741C89326D14408002C0DEC /* ProfileTabsHeaderCollectionReusableView.xib in Resources */,
				174AA59C26CCF15F0051DB5C /* InstagramFeedPostGeneralTableViewCell.xib in Resources */,
				17371D6B26B6F63C008411C5 /* Login.storyboard in Resources */,
				170657E326B6DB76006BEB54 /* Home.storyboard in Resources */,
				174AA59426CCEF600051DB5C /* InstagramFeedPostHeaderTableViewCell.xib in Resources */,
				1741C89B26D14932002C0DEC /* Post.storyboard in Resources */,
				174AA59826CCF0EA0051DB5C /* InstagramFeedPostActionsTableViewCell.xib in Resources */,
			);
			runOnlyForDeploymentPostprocessing = 0;
		};
/* End PBXResourcesBuildPhase section */

/* Begin PBXShellScriptBuildPhase section */
		5B80D253B9F108AA3BA11D9D /* [CP] Embed Pods Frameworks */ = {
			isa = PBXShellScriptBuildPhase;
			buildActionMask = 2147483647;
			files = (
			);
			inputFileListPaths = (
				"${PODS_ROOT}/Target Support Files/Pods-InstagramClone/Pods-InstagramClone-frameworks-${CONFIGURATION}-input-files.xcfilelist",
			);
			name = "[CP] Embed Pods Frameworks";
			outputFileListPaths = (
				"${PODS_ROOT}/Target Support Files/Pods-InstagramClone/Pods-InstagramClone-frameworks-${CONFIGURATION}-output-files.xcfilelist",
			);
			runOnlyForDeploymentPostprocessing = 0;
			shellPath = /bin/sh;
			shellScript = "\"${PODS_ROOT}/Target Support Files/Pods-InstagramClone/Pods-InstagramClone-frameworks.sh\"\n";
			showEnvVarsInLog = 0;
		};
		9932A8F98CBA0F4955B83F97 /* [CP] Check Pods Manifest.lock */ = {
			isa = PBXShellScriptBuildPhase;
			buildActionMask = 2147483647;
			files = (
			);
			inputFileListPaths = (
			);
			inputPaths = (
				"${PODS_PODFILE_DIR_PATH}/Podfile.lock",
				"${PODS_ROOT}/Manifest.lock",
			);
			name = "[CP] Check Pods Manifest.lock";
			outputFileListPaths = (
			);
			outputPaths = (
				"$(DERIVED_FILE_DIR)/Pods-InstagramClone-checkManifestLockResult.txt",
			);
			runOnlyForDeploymentPostprocessing = 0;
			shellPath = /bin/sh;
			shellScript = "diff \"${PODS_PODFILE_DIR_PATH}/Podfile.lock\" \"${PODS_ROOT}/Manifest.lock\" > /dev/null\nif [ $? != 0 ] ; then\n    # print error to STDERR\n    echo \"error: The sandbox is not in sync with the Podfile.lock. Run 'pod install' or update your CocoaPods installation.\" >&2\n    exit 1\nfi\n# This output is used by Xcode 'outputs' to avoid re-running this script phase.\necho \"SUCCESS\" > \"${SCRIPT_OUTPUT_FILE_0}\"\n";
			showEnvVarsInLog = 0;
		};
/* End PBXShellScriptBuildPhase section */

/* Begin PBXSourcesBuildPhase section */
		1714CCB126B6D5620061C01D /* Sources */ = {
			isa = PBXSourcesBuildPhase;
			buildActionMask = 2147483647;
			files = (
				1741C89226D14408002C0DEC /* ProfileTabsHeaderCollectionReusableView.swift in Sources */,
				17531D0126D02CC800B34038 /* PostLike.swift in Sources */,
				17371D6F26B6FA61008411C5 /* Constants.swift in Sources */,
				170657D226B6DAA9006BEB54 /* PostViewController.swift in Sources */,
				17531CFF26D02B0500B34038 /* PostComment.swift in Sources */,
				174AA5A226CCFDBE0051DB5C /* StorageManagerError.swift in Sources */,
				1741C89526D14547002C0DEC /* Gender.swift in Sources */,
				174AA59726CCF0EA0051DB5C /* InstagramFeedPostActionsTableViewCell.swift in Sources */,
				17371D7226B70966008411C5 /* DatabaseManager.swift in Sources */,
				17371D7626B70BB4008411C5 /* StorageManager.swift in Sources */,
				170657D826B6DB01006BEB54 /* ListViewController.swift in Sources */,
				1751F41C26CEC356002564BD /* EditProfileForm.swift in Sources */,
				174AA5A026CCF46E0051DB5C /* UserPostType.swift in Sources */,
				170657D626B6DAED006BEB54 /* SettingsViewController.swift in Sources */,
				1714CCB926B6D5620061C01D /* AppDelegate.swift in Sources */,
				170657C826B6DA23006BEB54 /* ExploreViewController.swift in Sources */,
				170EC73326BBDDEA006D6210 /* AlertButton.swift in Sources */,
				170657E126B6DB5F006BEB54 /* PublishPostViewController.swift in Sources */,
				1747349A26CF1EF5007E2A5B /* EditProfileFormTableViewCell.swift in Sources */,
				1714CCBB26B6D5620061C01D /* SceneDelegate.swift in Sources */,
				170EC72F26BBD67E006D6210 /* AlertType.swift in Sources */,
				170EC73126BBDD6A006D6210 /* AlertViewController.swift in Sources */,
				1714CCCE26B6D6EE0061C01D /* HomeViewController.swift in Sources */,
				17371D7426B70B53008411C5 /* AuthManager.swift in Sources */,
				174BAE3126CF8B640016F68C /* ProfileInfoHeaderCollectionReusableView.swift in Sources */,
				17371D5E26B6EEAB008411C5 /* Coordinator.swift in Sources */,
				170657DD26B6DB32006BEB54 /* SearchResultViewController.swift in Sources */,
				170657DB26B6DB1D006BEB54 /* SearchViewController.swift in Sources */,
				17371D6126B6EF09008411C5 /* StoryboardType.swift in Sources */,
				17371D6526B6F18D008411C5 /* NavigationItem.swift in Sources */,
				17371D5926B6ECF4008411C5 /* RegistrationViewController.swift in Sources */,
				174AA59E26CCF2EC0051DB5C /* UserPost.swift in Sources */,
				170657CC26B6DA61006BEB54 /* NotificationsViewController.swift in Sources */,
				170EC73A26BC0407006D6210 /* UIColorExtension.swift in Sources */,
				174BAE3B26CF8F500016F68C /* PhotoCollectionViewCell.swift in Sources */,
				173B27E526C7FD1100D829D3 /* SettingsCellModel.swift in Sources */,
				170657DF26B6DB48006BEB54 /* PostEditorViewController.swift in Sources */,
				17371D5B26B6ED16008411C5 /* LoginViewController.swift in Sources */,
				17531D0326D02E5900B34038 /* CommentLike.swift in Sources */,
				170657CE26B6DA75006BEB54 /* ProfileViewController.swift in Sources */,
				174AA59B26CCF15F0051DB5C /* InstagramFeedPostGeneralTableViewCell.swift in Sources */,
				170EC72D26BBD569006D6210 /* AlertPresentable.swift in Sources */,
				17371D6D26B6F6EF008411C5 /* GenericViewController.swift in Sources */,
				1741C89726D14593002C0DEC /* User.swift in Sources */,
				170657D426B6DAD6006BEB54 /* EditProfileViewController.swift in Sources */,
				174EE24A26B7C1FA00BC9712 /* UIViewExtension.swift in Sources */,
				17371D6326B6F0FE008411C5 /* MainTabType.swift in Sources */,
				174AA58F26CCE8F20051DB5C /* InstagramFeedPostTableViewCell.swift in Sources */,
				174AA5A726CD1D530051DB5C /* SettingsTableViewCell.swift in Sources */,
				170EC73826BBFB15006D6210 /* CommonButton.swift in Sources */,
				1741C89926D14600002C0DEC /* UserCount.swift in Sources */,
				173972AB26C3CC0900D1BA5F /* StringExtension.swift in Sources */,
				17371D6726B6F1F3008411C5 /* PageType.swift in Sources */,
				17371D6926B6F2C2008411C5 /* NavigationStyle.swift in Sources */,
				170657CA26B6DA38006BEB54 /* CameraViewController.swift in Sources */,
				174AA59326CCEF600051DB5C /* InstagramFeedPostHeaderTableViewCell.swift in Sources */,
			);
			runOnlyForDeploymentPostprocessing = 0;
		};
/* End PBXSourcesBuildPhase section */

/* Begin PBXVariantGroup section */
		1714CCBE26B6D5620061C01D /* TabBar.storyboard */ = {
			isa = PBXVariantGroup;
			children = (
				1714CCBF26B6D5620061C01D /* Base */,
			);
			name = TabBar.storyboard;
			sourceTree = "<group>";
		};
		1714CCC326B6D5630061C01D /* LaunchScreen.storyboard */ = {
			isa = PBXVariantGroup;
			children = (
				1714CCC426B6D5630061C01D /* Base */,
			);
			name = LaunchScreen.storyboard;
			sourceTree = "<group>";
		};
/* End PBXVariantGroup section */

/* Begin XCBuildConfiguration section */
		1714CCC726B6D5630061C01D /* Debug */ = {
			isa = XCBuildConfiguration;
			buildSettings = {
				ALWAYS_SEARCH_USER_PATHS = NO;
				CLANG_ANALYZER_NONNULL = YES;
				CLANG_ANALYZER_NUMBER_OBJECT_CONVERSION = YES_AGGRESSIVE;
				CLANG_CXX_LANGUAGE_STANDARD = "gnu++14";
				CLANG_CXX_LIBRARY = "libc++";
				CLANG_ENABLE_MODULES = YES;
				CLANG_ENABLE_OBJC_ARC = YES;
				CLANG_ENABLE_OBJC_WEAK = YES;
				CLANG_WARN_BLOCK_CAPTURE_AUTORELEASING = YES;
				CLANG_WARN_BOOL_CONVERSION = YES;
				CLANG_WARN_COMMA = YES;
				CLANG_WARN_CONSTANT_CONVERSION = YES;
				CLANG_WARN_DEPRECATED_OBJC_IMPLEMENTATIONS = YES;
				CLANG_WARN_DIRECT_OBJC_ISA_USAGE = YES_ERROR;
				CLANG_WARN_DOCUMENTATION_COMMENTS = YES;
				CLANG_WARN_EMPTY_BODY = YES;
				CLANG_WARN_ENUM_CONVERSION = YES;
				CLANG_WARN_INFINITE_RECURSION = YES;
				CLANG_WARN_INT_CONVERSION = YES;
				CLANG_WARN_NON_LITERAL_NULL_CONVERSION = YES;
				CLANG_WARN_OBJC_IMPLICIT_RETAIN_SELF = YES;
				CLANG_WARN_OBJC_LITERAL_CONVERSION = YES;
				CLANG_WARN_OBJC_ROOT_CLASS = YES_ERROR;
				CLANG_WARN_QUOTED_INCLUDE_IN_FRAMEWORK_HEADER = YES;
				CLANG_WARN_RANGE_LOOP_ANALYSIS = YES;
				CLANG_WARN_STRICT_PROTOTYPES = YES;
				CLANG_WARN_SUSPICIOUS_MOVE = YES;
				CLANG_WARN_UNGUARDED_AVAILABILITY = YES_AGGRESSIVE;
				CLANG_WARN_UNREACHABLE_CODE = YES;
				CLANG_WARN__DUPLICATE_METHOD_MATCH = YES;
				COPY_PHASE_STRIP = NO;
				DEBUG_INFORMATION_FORMAT = dwarf;
				ENABLE_STRICT_OBJC_MSGSEND = YES;
				ENABLE_TESTABILITY = YES;
				GCC_C_LANGUAGE_STANDARD = gnu11;
				GCC_DYNAMIC_NO_PIC = NO;
				GCC_NO_COMMON_BLOCKS = YES;
				GCC_OPTIMIZATION_LEVEL = 0;
				GCC_PREPROCESSOR_DEFINITIONS = (
					"DEBUG=1",
					"$(inherited)",
				);
				GCC_WARN_64_TO_32_BIT_CONVERSION = YES;
				GCC_WARN_ABOUT_RETURN_TYPE = YES_ERROR;
				GCC_WARN_UNDECLARED_SELECTOR = YES;
				GCC_WARN_UNINITIALIZED_AUTOS = YES_AGGRESSIVE;
				GCC_WARN_UNUSED_FUNCTION = YES;
				GCC_WARN_UNUSED_VARIABLE = YES;
				IPHONEOS_DEPLOYMENT_TARGET = 14.5;
				MTL_ENABLE_DEBUG_INFO = INCLUDE_SOURCE;
				MTL_FAST_MATH = YES;
				ONLY_ACTIVE_ARCH = YES;
				SDKROOT = iphoneos;
				SWIFT_ACTIVE_COMPILATION_CONDITIONS = DEBUG;
				SWIFT_OPTIMIZATION_LEVEL = "-Onone";
			};
			name = Debug;
		};
		1714CCC826B6D5630061C01D /* Release */ = {
			isa = XCBuildConfiguration;
			buildSettings = {
				ALWAYS_SEARCH_USER_PATHS = NO;
				CLANG_ANALYZER_NONNULL = YES;
				CLANG_ANALYZER_NUMBER_OBJECT_CONVERSION = YES_AGGRESSIVE;
				CLANG_CXX_LANGUAGE_STANDARD = "gnu++14";
				CLANG_CXX_LIBRARY = "libc++";
				CLANG_ENABLE_MODULES = YES;
				CLANG_ENABLE_OBJC_ARC = YES;
				CLANG_ENABLE_OBJC_WEAK = YES;
				CLANG_WARN_BLOCK_CAPTURE_AUTORELEASING = YES;
				CLANG_WARN_BOOL_CONVERSION = YES;
				CLANG_WARN_COMMA = YES;
				CLANG_WARN_CONSTANT_CONVERSION = YES;
				CLANG_WARN_DEPRECATED_OBJC_IMPLEMENTATIONS = YES;
				CLANG_WARN_DIRECT_OBJC_ISA_USAGE = YES_ERROR;
				CLANG_WARN_DOCUMENTATION_COMMENTS = YES;
				CLANG_WARN_EMPTY_BODY = YES;
				CLANG_WARN_ENUM_CONVERSION = YES;
				CLANG_WARN_INFINITE_RECURSION = YES;
				CLANG_WARN_INT_CONVERSION = YES;
				CLANG_WARN_NON_LITERAL_NULL_CONVERSION = YES;
				CLANG_WARN_OBJC_IMPLICIT_RETAIN_SELF = YES;
				CLANG_WARN_OBJC_LITERAL_CONVERSION = YES;
				CLANG_WARN_OBJC_ROOT_CLASS = YES_ERROR;
				CLANG_WARN_QUOTED_INCLUDE_IN_FRAMEWORK_HEADER = YES;
				CLANG_WARN_RANGE_LOOP_ANALYSIS = YES;
				CLANG_WARN_STRICT_PROTOTYPES = YES;
				CLANG_WARN_SUSPICIOUS_MOVE = YES;
				CLANG_WARN_UNGUARDED_AVAILABILITY = YES_AGGRESSIVE;
				CLANG_WARN_UNREACHABLE_CODE = YES;
				CLANG_WARN__DUPLICATE_METHOD_MATCH = YES;
				COPY_PHASE_STRIP = NO;
				DEBUG_INFORMATION_FORMAT = "dwarf-with-dsym";
				ENABLE_NS_ASSERTIONS = NO;
				ENABLE_STRICT_OBJC_MSGSEND = YES;
				GCC_C_LANGUAGE_STANDARD = gnu11;
				GCC_NO_COMMON_BLOCKS = YES;
				GCC_WARN_64_TO_32_BIT_CONVERSION = YES;
				GCC_WARN_ABOUT_RETURN_TYPE = YES_ERROR;
				GCC_WARN_UNDECLARED_SELECTOR = YES;
				GCC_WARN_UNINITIALIZED_AUTOS = YES_AGGRESSIVE;
				GCC_WARN_UNUSED_FUNCTION = YES;
				GCC_WARN_UNUSED_VARIABLE = YES;
				IPHONEOS_DEPLOYMENT_TARGET = 14.5;
				MTL_ENABLE_DEBUG_INFO = NO;
				MTL_FAST_MATH = YES;
				SDKROOT = iphoneos;
				SWIFT_COMPILATION_MODE = wholemodule;
				SWIFT_OPTIMIZATION_LEVEL = "-O";
				VALIDATE_PRODUCT = YES;
			};
			name = Release;
		};
		1714CCCA26B6D5630061C01D /* Debug */ = {
			isa = XCBuildConfiguration;
			baseConfigurationReference = 1FF50470C1753E61639BDBDA /* Pods-InstagramClone.debug.xcconfig */;
			buildSettings = {
				ASSETCATALOG_COMPILER_APPICON_NAME = AppIcon;
				ASSETCATALOG_COMPILER_GLOBAL_ACCENT_COLOR_NAME = AccentColor;
				CODE_SIGN_STYLE = Automatic;
				DEVELOPMENT_TEAM = 7X48R5E6LJ;
				INFOPLIST_FILE = "$(SRCROOT)/InstagramClone/Resources/Info.plist";
				LD_RUNPATH_SEARCH_PATHS = (
					"$(inherited)",
					"@executable_path/Frameworks",
				);
				PRODUCT_BUNDLE_IDENTIFIER = com.napps.InstagramClone;
				PRODUCT_NAME = "$(TARGET_NAME)";
				SWIFT_VERSION = 5.0;
				TARGETED_DEVICE_FAMILY = "1,2";
			};
			name = Debug;
		};
		1714CCCB26B6D5630061C01D /* Release */ = {
			isa = XCBuildConfiguration;
			baseConfigurationReference = D0E9CB12EC32628FB6AC86EF /* Pods-InstagramClone.release.xcconfig */;
			buildSettings = {
				ASSETCATALOG_COMPILER_APPICON_NAME = AppIcon;
				ASSETCATALOG_COMPILER_GLOBAL_ACCENT_COLOR_NAME = AccentColor;
				CODE_SIGN_STYLE = Automatic;
				DEVELOPMENT_TEAM = 7X48R5E6LJ;
				INFOPLIST_FILE = "$(SRCROOT)/InstagramClone/Resources/Info.plist";
				LD_RUNPATH_SEARCH_PATHS = (
					"$(inherited)",
					"@executable_path/Frameworks",
				);
				PRODUCT_BUNDLE_IDENTIFIER = com.napps.InstagramClone;
				PRODUCT_NAME = "$(TARGET_NAME)";
				SWIFT_VERSION = 5.0;
				TARGETED_DEVICE_FAMILY = "1,2";
			};
			name = Release;
		};
/* End XCBuildConfiguration section */

/* Begin XCConfigurationList section */
		1714CCB026B6D5620061C01D /* Build configuration list for PBXProject "InstagramClone" */ = {
			isa = XCConfigurationList;
			buildConfigurations = (
				1714CCC726B6D5630061C01D /* Debug */,
				1714CCC826B6D5630061C01D /* Release */,
			);
			defaultConfigurationIsVisible = 0;
			defaultConfigurationName = Release;
		};
		1714CCC926B6D5630061C01D /* Build configuration list for PBXNativeTarget "InstagramClone" */ = {
			isa = XCConfigurationList;
			buildConfigurations = (
				1714CCCA26B6D5630061C01D /* Debug */,
				1714CCCB26B6D5630061C01D /* Release */,
			);
			defaultConfigurationIsVisible = 0;
			defaultConfigurationName = Release;
		};
/* End XCConfigurationList section */
	};
	rootObject = 1714CCAD26B6D5620061C01D /* Project object */;
}
